
Microsoft Visual Studio Solution File, Format Version 12.00
# Visual Studio 15
VisualStudioVersion = 15.0.28010.2046
MinimumVisualStudioVersion = 10.0.40219.1
Project("{FAE04EC0-301F-11D3-BF4B-00C04F79EFBC}") = "CustomersWebApi", "CustomersWebApi\CustomersWebApi.csproj", "{02665558-D858-4E9E-8C22-73FD4D243DD4}"
EndProject
Project("{FAE04EC0-301F-11D3-BF4B-00C04F79EFBC}") = "CustomersWebApi.Tests", "CustomersWebApi.Tests\CustomersWebApi.Tests.csproj", "{BC52309C-02E2-4FFC-990C-E15BD16B9D6F}"
EndProject
Global
	GlobalSection(SolutionConfigurationPlatforms) = preSolution
		Debug|Any CPU = Debug|Any CPU
		Release|Any CPU = Release|Any CPU
	EndGlobalSection
	GlobalSection(ProjectConfigurationPlatforms) = postSolution
		{02665558-D858-4E9E-8C22-73FD4D243DD4}.Debug|Any CPU.ActiveCfg = Debug|Any CPU
		{02665558-D858-4E9E-8C22-73FD4D243DD4}.Debug|Any CPU.Build.0 = Debug|Any CPU
		{02665558-D858-4E9E-8C22-73FD4D243DD4}.Release|Any CPU.ActiveCfg = Release|Any CPU
		{02665558-D858-4E9E-8C22-73FD4D243DD4}.Release|Any CPU.Build.0 = Release|Any CPU
		{BC52309C-02E2-4FFC-990C-E15BD16B9D6F}.Debug|Any CPU.ActiveCfg = Debug|Any CPU
		{BC52309C-02E2-4FFC-990C-E15BD16B9D6F}.Debug|Any CPU.Build.0 = Debug|Any CPU
		{BC52309C-02E2-4FFC-990C-E15BD16B9D6F}.Release|Any CPU.ActiveCfg = Release|Any CPU
		{BC52309C-02E2-4FFC-990C-E15BD16B9D6F}.Release|Any CPU.Build.0 = Release|Any CPU
	EndGlobalSection
	GlobalSection(SolutionProperties) = preSolution
		HideSolutionNode = FALSE
	EndGlobalSection
	GlobalSection(ExtensibilityGlobals) = postSolution
		SolutionGuid = {2556A8F9-C349-4B78-BD72-4C880E7AFCE5}
	EndGlobalSection
EndGlobal
